
Microsoft Visual Studio Solution File, Format Version 12.00
# Visual Studio Version 17
VisualStudioVersion = 17.1.32328.378
MinimumVisualStudioVersion = 10.0.40219.1
Project("{9A19103F-16F7-4668-BE54-9A1E7A4F7556}") = "WPFTest", "WPFTest\WPFTest.csproj", "{9124C5EC-DFF9-49FF-9BF6-ED93AC02D788}"
EndProject
Project("{9A19103F-16F7-4668-BE54-9A1E7A4F7556}") = "EventAsyncSample", "EventAsyncSample\EventAsyncSample.csproj", "{7B80FA31-4354-41E5-BA8A-B97304E6BA85}"
EndProject
Project("{9A19103F-16F7-4668-BE54-9A1E7A4F7556}") = "BasicControlSample", "BasicControlSample\BasicControlSample.csproj", "{6476E36C-D694-484B-89BD-BAC3509A80C2}"
EndProject
Project("{9A19103F-16F7-4668-BE54-9A1E7A4F7556}") = "LargeFileReadSample", "LargeFileReadSample\LargeFileReadSample.csproj", "{3FD6AC7C-CD0E-4914-843C-9C6690F5E163}"
EndProject
Project("{9A19103F-16F7-4668-BE54-9A1E7A4F7556}") = "ListVsObservableCollection", "ListVsObservableCollection\ListVsObservableCollection.csproj", "{E9953446-6FD7-479B-897C-E2AB144D4C75}"
EndProject
Project("{9A19103F-16F7-4668-BE54-9A1E7A4F7556}") = "CoreWPF", "CoreWPF\CoreWPF.csproj", "{FEE1A3FF-982E-4591-ADB3-43C55030822C}"
EndProject
Project("{9A19103F-16F7-4668-BE54-9A1E7A4F7556}") = "CoreWpfContextMenu", "CoreWpfContextMenu\CoreWpfContextMenu.csproj", "{39A1D26C-BB48-4875-970A-BC5D199CF907}"
EndProject
Project("{9A19103F-16F7-4668-BE54-9A1E7A4F7556}") = "CoreWpfLocalization", "CoreWpfLocalization\CoreWpfLocalization.csproj", "{6E7241F2-DF77-41CF-82A6-1ACC100AB336}"
EndProject
Project("{9A19103F-16F7-4668-BE54-9A1E7A4F7556}") = "WpfCombo", "WpfCombo\WpfCombo.csproj", "{F5898666-2938-404D-BC93-6B1F03AD13BF}"
EndProject
Project("{9A19103F-16F7-4668-BE54-9A1E7A4F7556}") = "SqliteSample", "SqliteSample\SqliteSample.csproj", "{3FAE8749-BB4D-4A74-AD1A-CCCF04F399DF}"
EndProject
Project("{9A19103F-16F7-4668-BE54-9A1E7A4F7556}") = "ResourceDictionarySample", "ResourceDictionarySample\ResourceDictionarySample.csproj", "{9992C0A4-406C-496F-A482-0213AB9FAB15}"
EndProject
Project("{9A19103F-16F7-4668-BE54-9A1E7A4F7556}") = "ResourceDictionarySample2", "ResourceDictionarySample2\ResourceDictionarySample2.csproj", "{FDE44D9B-8CEB-4BBF-B9C7-DCCED30BBF02}"
EndProject
Project("{9A19103F-16F7-4668-BE54-9A1E7A4F7556}") = "ListViewSample", "ListViewSample\ListViewSample.csproj", "{2E0B7508-633E-4123-AE0A-B1B74472C8F1}"
EndProject
Project("{9A19103F-16F7-4668-BE54-9A1E7A4F7556}") = "DataGridNumberColumn", "DataGridNumberColumn\DataGridNumberColumn.csproj", "{2958E165-0A4F-4B2A-98FE-2DCC8AB03B7F}"
EndProject
Project("{9A19103F-16F7-4668-BE54-9A1E7A4F7556}") = "BackgroundServiceSample", "BackgroundServiceSample\BackgroundServiceSample.csproj", "{9B8F5700-4E46-4925-BE57-09FD046C9E46}"
EndProject
Project("{9A19103F-16F7-4668-BE54-9A1E7A4F7556}") = "ReorderingListBoxSample", "ReorderingListBoxSample\ReorderingListBoxSample.csproj", "{916912B2-43DC-49A5-9CB7-EFC8756E5714}"
EndProject
Project("{9A19103F-16F7-4668-BE54-9A1E7A4F7556}") = "ThemesSample", "ThemesSample\ThemesSample.csproj", "{E1B7338E-38B1-4CC9-9986-879F03760E0F}"
EndProject
Project("{FAE04EC0-301F-11D3-BF4B-00C04F79EFBC}") = "IValueConverterSample", "IValueConverterSample\IValueConverterSample.csproj", "{06852CF6-774F-432B-B316-7A2F17A1E503}"
EndProject
Global
	GlobalSection(SolutionConfigurationPlatforms) = preSolution
		Debug|Any CPU = Debug|Any CPU
		Release|Any CPU = Release|Any CPU
	EndGlobalSection
	GlobalSection(ProjectConfigurationPlatforms) = postSolution
		{9124C5EC-DFF9-49FF-9BF6-ED93AC02D788}.Debug|Any CPU.ActiveCfg = Debug|Any CPU
		{9124C5EC-DFF9-49FF-9BF6-ED93AC02D788}.Debug|Any CPU.Build.0 = Debug|Any CPU
		{9124C5EC-DFF9-49FF-9BF6-ED93AC02D788}.Release|Any CPU.ActiveCfg = Release|Any CPU
		{9124C5EC-DFF9-49FF-9BF6-ED93AC02D788}.Release|Any CPU.Build.0 = Release|Any CPU
		{7B80FA31-4354-41E5-BA8A-B97304E6BA85}.Debug|Any CPU.ActiveCfg = Debug|Any CPU
		{7B80FA31-4354-41E5-BA8A-B97304E6BA85}.Debug|Any CPU.Build.0 = Debug|Any CPU
		{7B80FA31-4354-41E5-BA8A-B97304E6BA85}.Release|Any CPU.ActiveCfg = Release|Any CPU
		{7B80FA31-4354-41E5-BA8A-B97304E6BA85}.Release|Any CPU.Build.0 = Release|Any CPU
		{6476E36C-D694-484B-89BD-BAC3509A80C2}.Debug|Any CPU.ActiveCfg = Debug|Any CPU
		{6476E36C-D694-484B-89BD-BAC3509A80C2}.Debug|Any CPU.Build.0 = Debug|Any CPU
		{6476E36C-D694-484B-89BD-BAC3509A80C2}.Release|Any CPU.ActiveCfg = Release|Any CPU
		{6476E36C-D694-484B-89BD-BAC3509A80C2}.Release|Any CPU.Build.0 = Release|Any CPU
		{3FD6AC7C-CD0E-4914-843C-9C6690F5E163}.Debug|Any CPU.ActiveCfg = Debug|Any CPU
		{3FD6AC7C-CD0E-4914-843C-9C6690F5E163}.Debug|Any CPU.Build.0 = Debug|Any CPU
		{3FD6AC7C-CD0E-4914-843C-9C6690F5E163}.Release|Any CPU.ActiveCfg = Release|Any CPU
		{3FD6AC7C-CD0E-4914-843C-9C6690F5E163}.Release|Any CPU.Build.0 = Release|Any CPU
		{E9953446-6FD7-479B-897C-E2AB144D4C75}.Debug|Any CPU.ActiveCfg = Debug|Any CPU
		{E9953446-6FD7-479B-897C-E2AB144D4C75}.Debug|Any CPU.Build.0 = Debug|Any CPU
		{E9953446-6FD7-479B-897C-E2AB144D4C75}.Release|Any CPU.ActiveCfg = Release|Any CPU
		{E9953446-6FD7-479B-897C-E2AB144D4C75}.Release|Any CPU.Build.0 = Release|Any CPU
		{FEE1A3FF-982E-4591-ADB3-43C55030822C}.Debug|Any CPU.ActiveCfg = Debug|Any CPU
		{FEE1A3FF-982E-4591-ADB3-43C55030822C}.Debug|Any CPU.Build.0 = Debug|Any CPU
		{FEE1A3FF-982E-4591-ADB3-43C55030822C}.Release|Any CPU.ActiveCfg = Release|Any CPU
		{FEE1A3FF-982E-4591-ADB3-43C55030822C}.Release|Any CPU.Build.0 = Release|Any CPU
		{39A1D26C-BB48-4875-970A-BC5D199CF907}.Debug|Any CPU.ActiveCfg = Debug|Any CPU
		{39A1D26C-BB48-4875-970A-BC5D199CF907}.Debug|Any CPU.Build.0 = Debug|Any CPU
		{39A1D26C-BB48-4875-970A-BC5D199CF907}.Release|Any CPU.ActiveCfg = Release|Any CPU
		{39A1D26C-BB48-4875-970A-BC5D199CF907}.Release|Any CPU.Build.0 = Release|Any CPU
		{6E7241F2-DF77-41CF-82A6-1ACC100AB336}.Debug|Any CPU.ActiveCfg = Debug|Any CPU
		{6E7241F2-DF77-41CF-82A6-1ACC100AB336}.Debug|Any CPU.Build.0 = Debug|Any CPU
		{6E7241F2-DF77-41CF-82A6-1ACC100AB336}.Release|Any CPU.ActiveCfg = Release|Any CPU
		{6E7241F2-DF77-41CF-82A6-1ACC100AB336}.Release|Any CPU.Build.0 = Release|Any CPU
		{F5898666-2938-404D-BC93-6B1F03AD13BF}.Debug|Any CPU.ActiveCfg = Debug|Any CPU
		{F5898666-2938-404D-BC93-6B1F03AD13BF}.Debug|Any CPU.Build.0 = Debug|Any CPU
		{F5898666-2938-404D-BC93-6B1F03AD13BF}.Release|Any CPU.ActiveCfg = Release|Any CPU
		{F5898666-2938-404D-BC93-6B1F03AD13BF}.Release|Any CPU.Build.0 = Release|Any CPU
		{3FAE8749-BB4D-4A74-AD1A-CCCF04F399DF}.Debug|Any CPU.ActiveCfg = Debug|Any CPU
		{3FAE8749-BB4D-4A74-AD1A-CCCF04F399DF}.Debug|Any CPU.Build.0 = Debug|Any CPU
		{3FAE8749-BB4D-4A74-AD1A-CCCF04F399DF}.Release|Any CPU.ActiveCfg = Release|Any CPU
		{3FAE8749-BB4D-4A74-AD1A-CCCF04F399DF}.Release|Any CPU.Build.0 = Release|Any CPU
		{9992C0A4-406C-496F-A482-0213AB9FAB15}.Debug|Any CPU.ActiveCfg = Debug|Any CPU
		{9992C0A4-406C-496F-A482-0213AB9FAB15}.Debug|Any CPU.Build.0 = Debug|Any CPU
		{9992C0A4-406C-496F-A482-0213AB9FAB15}.Release|Any CPU.ActiveCfg = Release|Any CPU
		{9992C0A4-406C-496F-A482-0213AB9FAB15}.Release|Any CPU.Build.0 = Release|Any CPU
		{FDE44D9B-8CEB-4BBF-B9C7-DCCED30BBF02}.Debug|Any CPU.ActiveCfg = Debug|Any CPU
		{FDE44D9B-8CEB-4BBF-B9C7-DCCED30BBF02}.Debug|Any CPU.Build.0 = Debug|Any CPU
		{FDE44D9B-8CEB-4BBF-B9C7-DCCED30BBF02}.Release|Any CPU.ActiveCfg = Release|Any CPU
		{FDE44D9B-8CEB-4BBF-B9C7-DCCED30BBF02}.Release|Any CPU.Build.0 = Release|Any CPU
		{2E0B7508-633E-4123-AE0A-B1B74472C8F1}.Debug|Any CPU.ActiveCfg = Debug|Any CPU
		{2E0B7508-633E-4123-AE0A-B1B74472C8F1}.Debug|Any CPU.Build.0 = Debug|Any CPU
		{2E0B7508-633E-4123-AE0A-B1B74472C8F1}.Release|Any CPU.ActiveCfg = Release|Any CPU
		{2E0B7508-633E-4123-AE0A-B1B74472C8F1}.Release|Any CPU.Build.0 = Release|Any CPU
		{2958E165-0A4F-4B2A-98FE-2DCC8AB03B7F}.Debug|Any CPU.ActiveCfg = Debug|Any CPU
		{2958E165-0A4F-4B2A-98FE-2DCC8AB03B7F}.Debug|Any CPU.Build.0 = Debug|Any CPU
		{2958E165-0A4F-4B2A-98FE-2DCC8AB03B7F}.Release|Any CPU.ActiveCfg = Release|Any CPU
		{2958E165-0A4F-4B2A-98FE-2DCC8AB03B7F}.Release|Any CPU.Build.0 = Release|Any CPU
		{9B8F5700-4E46-4925-BE57-09FD046C9E46}.Debug|Any CPU.ActiveCfg = Debug|Any CPU
		{9B8F5700-4E46-4925-BE57-09FD046C9E46}.Debug|Any CPU.Build.0 = Debug|Any CPU
		{9B8F5700-4E46-4925-BE57-09FD046C9E46}.Release|Any CPU.ActiveCfg = Release|Any CPU
		{9B8F5700-4E46-4925-BE57-09FD046C9E46}.Release|Any CPU.Build.0 = Release|Any CPU
		{916912B2-43DC-49A5-9CB7-EFC8756E5714}.Debug|Any CPU.ActiveCfg = Debug|Any CPU
		{916912B2-43DC-49A5-9CB7-EFC8756E5714}.Debug|Any CPU.Build.0 = Debug|Any CPU
		{916912B2-43DC-49A5-9CB7-EFC8756E5714}.Release|Any CPU.ActiveCfg = Release|Any CPU
		{916912B2-43DC-49A5-9CB7-EFC8756E5714}.Release|Any CPU.Build.0 = Release|Any CPU
		{E1B7338E-38B1-4CC9-9986-879F03760E0F}.Debug|Any CPU.ActiveCfg = Debug|Any CPU
		{E1B7338E-38B1-4CC9-9986-879F03760E0F}.Debug|Any CPU.Build.0 = Debug|Any CPU
		{E1B7338E-38B1-4CC9-9986-879F03760E0F}.Release|Any CPU.ActiveCfg = Release|Any CPU
		{E1B7338E-38B1-4CC9-9986-879F03760E0F}.Release|Any CPU.Build.0 = Release|Any CPU
		{06852CF6-774F-432B-B316-7A2F17A1E503}.Debug|Any CPU.ActiveCfg = Debug|Any CPU
		{06852CF6-774F-432B-B316-7A2F17A1E503}.Debug|Any CPU.Build.0 = Debug|Any CPU
		{06852CF6-774F-432B-B316-7A2F17A1E503}.Release|Any CPU.ActiveCfg = Release|Any CPU
		{06852CF6-774F-432B-B316-7A2F17A1E503}.Release|Any CPU.Build.0 = Release|Any CPU
	EndGlobalSection
	GlobalSection(SolutionProperties) = preSolution
		HideSolutionNode = FALSE
	EndGlobalSection
	GlobalSection(ExtensibilityGlobals) = postSolution
		SolutionGuid = {A7D7C99D-126C-46F1-A904-760426FAC943}
	EndGlobalSection
EndGlobal
